<?xml version="1.0" encoding="utf-8"?>
<Project ToolsVersion="4.0" xmlns="http://schemas.microsoft.com/developer/msbuild/2003">
  <ItemGroup>
    <Filter Include="源文件">
      <UniqueIdentifier>{4FC737F1-C7A5-4376-A066-2A32D752A2FF}</UniqueIdentifier>
      <Extensions>cpp;c;cc;cxx;def;odl;idl;hpj;bat;asm;asmx</Extensions>
    </Filter>
    <Filter Include="头文件">
      <UniqueIdentifier>{93995380-89BD-4b04-88EB-625FBE52EBFB}</UniqueIdentifier>
      <Extensions>h;hh;hpp;hxx;hm;inl;inc;xsd</Extensions>
    </Filter>
    <Filter Include="资源文件">
      <UniqueIdentifier>{67DA6AB6-F800-4c08-8B7A-83BB121AAD01}</UniqueIdentifier>
      <Extensions>rc;ico;cur;bmp;dlg;rc2;rct;bin;rgs;gif;jpg;jpeg;jpe;resx;tiff;tif;png;wav;mfcribbon-ms</Extensions>
    </Filter>
    <Filter Include="源文件\lua">
      <UniqueIdentifier>{62c05851-b2d9-40ff-bba4-f772ac9deba4}</UniqueIdentifier>
    </Filter>
  </ItemGroup>
  <ItemGroup>
    <ClCompile Include="lua\lbaselib.c">
      <Filter>源文件\lua</Filter>
    </ClCompile>
    <ClCompile Include="lua\lbitlib.c">
      <Filter>源文件\lua</Filter>
    </ClCompile>
    <ClCompile Include="lua\lcode.c">
      <Filter>源文件\lua</Filter>
    </ClCompile>
    <ClCompile Include="lua\lcorolib.c">
      <Filter>源文件\lua</Filter>
    </ClCompile>
    <ClCompile Include="lua\lctype.c">
      <Filter>源文件\lua</Filter>
    </ClCompile>
    <ClCompile Include="lua\ldblib.c">
      <Filter>源文件\lua</Filter>
    </ClCompile>
    <ClCompile Include="lua\ldebug.c">
      <Filter>源文件\lua</Filter>
    </ClCompile>
    <ClCompile Include="lua\ldo.c">
      <Filter>源文件\lua</Filter>
    </ClCompile>
    <ClCompile Include="lua\ldump.c">
      <Filter>源文件\lua</Filter>
    </ClCompile>
    <ClCompile Include="lua\lfunc.c">
      <Filter>源文件\lua</Filter>
    </ClCompile>
    <ClCompile Include="lua\lgc.c">
      <Filter>源文件\lua</Filter>
    </ClCompile>
    <ClCompile Include="lua\linit.c">
      <Filter>源文件\lua</Filter>
    </ClCompile>
    <ClCompile Include="lua\liolib.c">
      <Filter>源文件\lua</Filter>
    </ClCompile>
    <ClCompile Include="lua\llex.c">
      <Filter>源文件\lua</Filter>
    </ClCompile>
    <ClCompile Include="lua\lmathlib.c">
      <Filter>源文件\lua</Filter>
    </ClCompile>
    <ClCompile Include="lua\lmem.c">
      <Filter>源文件\lua</Filter>
    </ClCompile>
    <ClCompile Include="lua\loadlib.c">
      <Filter>源文件\lua</Filter>
    </ClCompile>
    <ClCompile Include="lua\lobject.c">
      <Filter>源文件\lua</Filter>
    </ClCompile>
    <ClCompile Include="lua\lopcodes.c">
      <Filter>源文件\lua</Filter>
    </ClCompile>
    <ClCompile Include="lua\loslib.c">
      <Filter>源文件\lua</Filter>
    </ClCompile>
    <ClCompile Include="lua\lparser.c">
      <Filter>源文件\lua</Filter>
    </ClCompile>
    <ClCompile Include="lua\lstate.c">
      <Filter>源文件\lua</Filter>
    </ClCompile>
    <ClCompile Include="lua\lstring.c">
      <Filter>源文件\lua</Filter>
    </ClCompile>
    <ClCompile Include="lua\lstrlib.c">
      <Filter>源文件\lua</Filter>
    </ClCompile>
    <ClCompile Include="lua\ltable.c">
      <Filter>源文件\lua</Filter>
    </ClCompile>
    <ClCompile Include="lua\ltablib.c">
      <Filter>源文件\lua</Filter>
    </ClCompile>
    <ClCompile Include="lua\ltm.c">
      <Filter>源文件\lua</Filter>
    </ClCompile>
    <ClCompile Include="lua\lundump.c">
      <Filter>源文件\lua</Filter>
    </ClCompile>
    <ClCompile Include="lua\lutf8lib.c">
      <Filter>源文件\lua</Filter>
    </ClCompile>
    <ClCompile Include="lua\lvm.c">
      <Filter>源文件\lua</Filter>
    </ClCompile>
    <ClCompile Include="lua\lzio.c">
      <Filter>源文件\lua</Filter>
    </ClCompile>
    <ClCompile Include="lua\lapi.c">
      <Filter>源文件\lua</Filter>
    </ClCompile>
    <ClCompile Include="lua\lauxlib.c">
      <Filter>源文件\lua</Filter>
    </ClCompile>
    <ClCompile Include="main.cpp">
      <Filter>源文件</Filter>
    </ClCompile>
    <ClCompile Include="lua_adpter.cpp">
      <Filter>源文件</Filter>
    </ClCompile>
  </ItemGroup>
  <ItemGroup>
    <ClInclude Include="lua\lauxlib.h">
      <Filter>源文件\lua</Filter>
    </ClInclude>
    <ClInclude Include="lua\lcode.h">
      <Filter>源文件\lua</Filter>
    </ClInclude>
    <ClInclude Include="lua\lctype.h">
      <Filter>源文件\lua</Filter>
    </ClInclude>
    <ClInclude Include="lua\ldebug.h">
      <Filter>源文件\lua</Filter>
    </ClInclude>
    <ClInclude Include="lua\ldo.h">
      <Filter>源文件\lua</Filter>
    </ClInclude>
    <ClInclude Include="lua\lfunc.h">
      <Filter>源文件\lua</Filter>
    </ClInclude>
    <ClInclude Include="lua\lgc.h">
      <Filter>源文件\lua</Filter>
    </ClInclude>
    <ClInclude Include="lua\llex.h">
      <Filter>源文件\lua</Filter>
    </ClInclude>
    <ClInclude Include="lua\llimits.h">
      <Filter>源文件\lua</Filter>
    </ClInclude>
    <ClInclude Include="lua\lmem.h">
      <Filter>源文件\lua</Filter>
    </ClInclude>
    <ClInclude Include="lua\lobject.h">
      <Filter>源文件\lua</Filter>
    </ClInclude>
    <ClInclude Include="lua\lopcodes.h">
      <Filter>源文件\lua</Filter>
    </ClInclude>
    <ClInclude Include="lua\lparser.h">
      <Filter>源文件\lua</Filter>
    </ClInclude>
    <ClInclude Include="lua\lprefix.h">
      <Filter>源文件\lua</Filter>
    </ClInclude>
    <ClInclude Include="lua\lstate.h">
      <Filter>源文件\lua</Filter>
    </ClInclude>
    <ClInclude Include="lua\lstring.h">
      <Filter>源文件\lua</Filter>
    </ClInclude>
    <ClInclude Include="lua\ltable.h">
      <Filter>源文件\lua</Filter>
    </ClInclude>
    <ClInclude Include="lua\ltm.h">
      <Filter>源文件\lua</Filter>
    </ClInclude>
    <ClInclude Include="lua\lua.h">
      <Filter>源文件\lua</Filter>
    </ClInclude>
    <ClInclude Include="lua\lua.hpp">
      <Filter>源文件\lua</Filter>
    </ClInclude>
    <ClInclude Include="lua\luaconf.h">
      <Filter>源文件\lua</Filter>
    </ClInclude>
    <ClInclude Include="lua\lualib.h">
      <Filter>源文件\lua</Filter>
    </ClInclude>
    <ClInclude Include="lua\lundump.h">
      <Filter>源文件\lua</Filter>
    </ClInclude>
    <ClInclude Include="lua\lvm.h">
      <Filter>源文件\lua</Filter>
    </ClInclude>
    <ClInclude Include="lua\lzio.h">
      <Filter>源文件\lua</Filter>
    </ClInclude>
    <ClInclude Include="lua\lapi.h">
      <Filter>源文件\lua</Filter>
    </ClInclude>
    <ClInclude Include="lua_adpter.h">
      <Filter>源文件</Filter>
    </ClInclude>
  </ItemGroup>
  <ItemGroup>
    <None Include="lua\makefile">
      <Filter>源文件\lua</Filter>
    </None>
  </ItemGroup>
  <ItemGroup>
    <Text Include="lua\ReadMe.txt">
      <Filter>源文件\lua</Filter>
    </Text>
  </ItemGroup>
</Project>