<?xml version="1.0" encoding="utf-8"?>
<Project ToolsVersion="4.0" xmlns="http://schemas.microsoft.com/developer/msbuild/2003">
  <ItemGroup>
    <Filter Include="lz4">
      <UniqueIdentifier>{1fefc395-aeeb-4045-9181-d91afea9181d}</UniqueIdentifier>
    </Filter>
    <Filter Include="src">
      <UniqueIdentifier>{d37f9338-8248-4f4c-99ea-0e36bba29456}</UniqueIdentifier>
    </Filter>
    <Filter Include="include">
      <UniqueIdentifier>{ba788903-f3b4-40e0-8c86-7411ec4f716d}</UniqueIdentifier>
    </Filter>
  </ItemGroup>
  <ItemGroup>
    <ClCompile Include="lz4\lz4.c">
      <Filter>lz4</Filter>
    </ClCompile>
    <ClCompile Include="src\luna.cpp">
      <Filter>src</Filter>
    </ClCompile>
    <ClCompile Include="src\var_int.cpp">
      <Filter>src</Filter>
    </ClCompile>
    <ClCompile Include="src\lua_archiver.cpp">
      <Filter>src</Filter>
    </ClCompile>
  </ItemGroup>
  <ItemGroup>
    <ClInclude Include="lz4\lz4.h">
      <Filter>lz4</Filter>
    </ClInclude>
    <ClInclude Include="include\luna11.h">
      <Filter>include</Filter>
    </ClInclude>
    <ClInclude Include="include\var_int.h">
      <Filter>include</Filter>
    </ClInclude>
    <ClInclude Include="include\lua_archiver.h">
      <Filter>include</Filter>
    </ClInclude>
    <ClInclude Include="include\luna.h">
      <Filter>include</Filter>
    </ClInclude>
  </ItemGroup>
</Project>